
Microsoft Visual Studio Solution File, Format Version 12.00
# Visual Studio Version 17
VisualStudioVersion = 17.3.32929.385
MinimumVisualStudioVersion = 10.0.40219.1
Project("{FAE04EC0-301F-11D3-BF4B-00C04F79EFBC}") = "Portfolio", "Portfolio\Portfolio.csproj", "{088509BF-8A60-48DD-80BE-D0E590238AA4}"
EndProject
Global
	GlobalSection(SolutionConfigurationPlatforms) = preSolution
		Debug|Any CPU = Debug|Any CPU
		Release|Any CPU = Release|Any CPU
	EndGlobalSection
	GlobalSection(ProjectConfigurationPlatforms) = postSolution
		{088509BF-8A60-48DD-80BE-D0E590238AA4}.Debug|Any CPU.ActiveCfg = Debug|Any CPU
		{088509BF-8A60-48DD-80BE-D0E590238AA4}.Debug|Any CPU.Build.0 = Debug|Any CPU
		{088509BF-8A60-48DD-80BE-D0E590238AA4}.Release|Any CPU.ActiveCfg = Release|Any CPU
		{088509BF-8A60-48DD-80BE-D0E590238AA4}.Release|Any CPU.Build.0 = Release|Any CPU
	EndGlobalSection
	GlobalSection(SolutionProperties) = preSolution
		HideSolutionNode = FALSE
	EndGlobalSection
	GlobalSection(ExtensibilityGlobals) = postSolution
		SolutionGuid = {8E5EF062-64DD-4987-92C1-37C17F476EB0}
	EndGlobalSection
EndGlobal
